
Microsoft Visual Studio Solution File, Format Version 12.00
# Visual Studio Version 17
VisualStudioVersion = 17.5.33627.172
MinimumVisualStudioVersion = 10.0.40219.1
Project("{FAE04EC0-301F-11D3-BF4B-00C04F79EFBC}") = "player-api-v2", "player-api-v2\player-api-v2.csproj", "{FB3D9FF6-2352-4413-85E3-430D12B30777}"
EndProject
Global
	GlobalSection(SolutionConfigurationPlatforms) = preSolution
		Debug|Any CPU = Debug|Any CPU
		Release|Any CPU = Release|Any CPU
	EndGlobalSection
	GlobalSection(ProjectConfigurationPlatforms) = postSolution
		{FB3D9FF6-2352-4413-85E3-430D12B30777}.Debug|Any CPU.ActiveCfg = Debug|Any CPU
		{FB3D9FF6-2352-4413-85E3-430D12B30777}.Debug|Any CPU.Build.0 = Debug|Any CPU
		{FB3D9FF6-2352-4413-85E3-430D12B30777}.Release|Any CPU.ActiveCfg = Release|Any CPU
		{FB3D9FF6-2352-4413-85E3-430D12B30777}.Release|Any CPU.Build.0 = Release|Any CPU
	EndGlobalSection
	GlobalSection(SolutionProperties) = preSolution
		HideSolutionNode = FALSE
	EndGlobalSection
	GlobalSection(ExtensibilityGlobals) = postSolution
		SolutionGuid = {A0361DF3-6740-4276-B4C6-0C7F504C2D00}
	EndGlobalSection
EndGlobal
